# THIS IS AN AUTOGENERATED FILE. DO NOT EDIT THIS FILE DIRECTLY.
# yarn lockfile v1


"@shelacek/ubjson@^1.0.1":
  version "1.1.1"
  resolved "https://registry.yarnpkg.com/@shelacek/ubjson/-/ubjson-1.1.1.tgz#949d9e6fb5cf2ada4197de6f8430fa7894d61ed4"
  integrity sha512-2Vi46ct3IWzh8eAz9IZ0NulIRtJbGgJDppatJvufB0fHwasRSfklBoQrVrCutF24fSuRvTvZVebjtcIHOxvzWw==

"@slippi/slippi-js@^6.3.0":
  version "6.3.0"
  resolved "https://registry.yarnpkg.com/@slippi/slippi-js/-/slippi-js-6.3.0.tgz#5714930791a47bd0045ee365c23eabf153ccfc31"
  integrity sha512-qew/lCDzXJY5XHURw1/HwyHXV1TSqFhsMm/tTpyTaLY0NewV6ggYaYisOhJNtjKpnfgyNZekNYwlOu6ffn9S0g==
  dependencies:
    "@shelacek/ubjson" "^1.0.1"
    date-fns "^2.28.0"
    enet "^0.2.9"
    iconv-lite "^0.6.2"
    lodash "^4.17.21"
    lodash-es "^4.17.21"
    reconnect-core "^1.3.0"
    semver "^7.3.2"

backoff@~2.5.0:
  version "2.5.0"
  resolved "https://registry.yarnpkg.com/backoff/-/backoff-2.5.0.tgz#f616eda9d3e4b66b8ca7fca79f695722c5f8e26f"
  integrity sha512-wC5ihrnUXmR2douXmXLCe5O3zg3GKIyvRi/hi58a/XyRxVI+3/yM0PYueQOZXPXQ9pxBislYkw+sF9b7C/RuMA==
  dependencies:
    precond "0.2"

date-fns@^2.28.0:
  version "2.29.2"
  resolved "https://registry.yarnpkg.com/date-fns/-/date-fns-2.29.2.tgz#0d4b3d0f3dff0f920820a070920f0d9662c51931"
  integrity sha512-0VNbwmWJDS/G3ySwFSJA3ayhbURMTJLtwM2DTxf9CWondCnh6DTNlO9JgRSq6ibf4eD0lfMJNBxUdEAHHix+bA==

enet@^0.2.9:
  version "0.2.9"
  resolved "https://registry.yarnpkg.com/enet/-/enet-0.2.9.tgz#d7fd68a0bf8bb3891408ea465e26ed6955822a1a"
  integrity sha512-V3qaPJEHY1Bl9F1nEY4thQV2fKkwS+I8Xpss4/91Hyi6JHagB7Ur6bROyVp4wqO74cPbF0ptgyyYh0L0Sky4Lw==

iconv-lite@^0.6.2:
  version "0.6.3"
  resolved "https://registry.yarnpkg.com/iconv-lite/-/iconv-lite-0.6.3.tgz#a52f80bf38da1952eb5c681790719871a1a72501"
  integrity sha512-4fCk79wshMdzMp2rH06qWrJE4iolqLhCUH+OiuIgU++RB0+94NlDL81atO7GX55uUKueo0txHNtvEyI6D7WdMw==
  dependencies:
    safer-buffer ">= 2.1.2 < 3.0.0"

lodash-es@^4.17.21:
  version "4.17.21"
  resolved "https://registry.yarnpkg.com/lodash-es/-/lodash-es-4.17.21.tgz#43e626c46e6591b7750beb2b50117390c609e3ee"
  integrity sha512-mKnC+QJ9pWVzv+C4/U3rRsHapFfHvQFoFB92e52xeyGMcX6/OlIl78je1u8vePzYZSkkogMPJ2yjxxsb89cxyw==

lodash@^4.17.21:
  version "4.17.21"
  resolved "https://registry.yarnpkg.com/lodash/-/lodash-4.17.21.tgz#679591c564c3bffaae8454cf0b3df370c3d6911c"
  integrity sha512-v2kDEe57lecTulaDIuNTPy3Ry4gLGJ6Z1O3vE1krgXZNrsQ+LFTGHVxVjcXPs17LhbZVGedAJv8XZ1tvj5FvSg==

lru-cache@^6.0.0:
  version "6.0.0"
  resolved "https://registry.yarnpkg.com/lru-cache/-/lru-cache-6.0.0.tgz#6d6fe6570ebd96aaf90fcad1dafa3b2566db3a94"
  integrity sha512-Jo6dJ04CmSjuznwJSS3pUeWmd/H0ffTlkXXgwZi+eq1UCmqQwCh+eLsYOYCwY991i2Fah4h1BEMCx4qThGbsiA==
  dependencies:
    yallist "^4.0.0"

moment@^2.29.4:
  version "2.29.4"
  resolved "https://registry.yarnpkg.com/moment/-/moment-2.29.4.tgz#3dbe052889fe7c1b2ed966fcb3a77328964ef108"
  integrity sha512-5LC9SOxjSc2HF6vO2CyuTDNivEdoz2IvyJJGj6X8DJ0eFyfszE0QiEd+iXmBvUP3WHxSjFH/vIsA0EN00cgr8w==

precond@0.2:
  version "0.2.3"
  resolved "https://registry.yarnpkg.com/precond/-/precond-0.2.3.tgz#aa9591bcaa24923f1e0f4849d240f47efc1075ac"
  integrity sha512-QCYG84SgGyGzqJ/vlMsxeXd/pgL/I94ixdNFyh1PusWmTCyVfPJjZ1K1jvHtsbfnXQs2TSkEP2fR7QiMZAnKFQ==

reconnect-core@^1.3.0:
  version "1.3.0"
  resolved "https://registry.yarnpkg.com/reconnect-core/-/reconnect-core-1.3.0.tgz#fbae52919a7877d844e3246d01a2f26701c833c8"
  integrity sha512-+gLKwmyRf2tjl6bLR03DoeWELzyN6LW9Xgr3vh7NXHHwPi0JC0N2TwPyf90oUEBkCRcD+bgQ+s3HORoG3nwHDg==
  dependencies:
    backoff "~2.5.0"

"safer-buffer@>= 2.1.2 < 3.0.0":
  version "2.1.2"
  resolved "https://registry.yarnpkg.com/safer-buffer/-/safer-buffer-2.1.2.tgz#44fa161b0187b9549dd84bb91802f9bd8385cd6a"
  integrity sha512-YZo3K82SD7Riyi0E1EQPojLz7kpepnSQI9IyPbHHg1XXXevb5dJI7tpyN2ADxGcQbHG7vcyRHk0cbwqcQriUtg==

semver@^7.3.2:
  version "7.3.7"
  resolved "https://registry.yarnpkg.com/semver/-/semver-7.3.7.tgz#12c5b649afdbf9049707796e22a4028814ce523f"
  integrity sha512-QlYTucUYOews+WeEujDoEGziz4K6c47V/Bd+LjSSYcA94p+DmINdf7ncaUinThfvZyu13lN9OY1XDxt8C0Tw0g==
  dependencies:
    lru-cache "^6.0.0"

yallist@^4.0.0:
  version "4.0.0"
  resolved "https://registry.yarnpkg.com/yallist/-/yallist-4.0.0.tgz#9bb92790d9c0effec63be73519e11a35019a3a72"
  integrity sha512-3wdGidZyq5PB084XLES5TpOSRA3wjXAlIWMhum2kRcv/41Sn2emQ0dycQW4uZXLejwKvg6EsvbdlVL+FYEct7A==
